// !$*UTF8*$!
{
	archiveVersion = 1;
	classes = {
	};
	objectVersion = 50;
	objects = {

/* Begin PBXBuildFile section */
		0E74669B21B7D101005CA89E /* AppDelegate.swift in Sources */ = {isa = PBXBuildFile; fileRef = 0E74669A21B7D101005CA89E /* AppDelegate.swift */; };
		0E7466A221B7D101005CA89E /* Assets.xcassets in Resources */ = {isa = PBXBuildFile; fileRef = 0E7466A121B7D101005CA89E /* Assets.xcassets */; };
		0E7466A521B7D101005CA89E /* LaunchScreen.storyboard in Resources */ = {isa = PBXBuildFile; fileRef = 0E7466A321B7D101005CA89E /* LaunchScreen.storyboard */; };
		0E7466AD21B7D7AD005CA89E /* MusicListViewController.swift in Sources */ = {isa = PBXBuildFile; fileRef = 0E7466AC21B7D7AD005CA89E /* MusicListViewController.swift */; };
		0E7466AF21B7D919005CA89E /* MusicList.storyboard in Resources */ = {isa = PBXBuildFile; fileRef = 0E7466AE21B7D919005CA89E /* MusicList.storyboard */; };
		0E7466B121B7DF53005CA89E /* MusicListCollectionViewCell.swift in Sources */ = {isa = PBXBuildFile; fileRef = 0E7466B021B7DF53005CA89E /* MusicListCollectionViewCell.swift */; };
		0E756A4F21B8DC9C00337D5A /* Album.swift in Sources */ = {isa = PBXBuildFile; fileRef = 0E756A4E21B8DC9C00337D5A /* Album.swift */; };
		0E756A5121B923BE00337D5A /* [BB]guitarRiff.wav in Resources */ = {isa = PBXBuildFile; fileRef = 0E756A5021B923BE00337D5A /* [BB]guitarRiff.wav */; };
		0E756A5321B92F5E00337D5A /* AlbumCover.png in Resources */ = {isa = PBXBuildFile; fileRef = 0E756A5221B92F5E00337D5A /* AlbumCover.png */; };
		0E756A5521B9337A00337D5A /* play (1).png in Resources */ = {isa = PBXBuildFile; fileRef = 0E756A5421B9337900337D5A /* play (1).png */; };
		FC5079D69B7B110AA08DC0BC /* Pods_SimpleMusic.framework in Frameworks */ = {isa = PBXBuildFile; fileRef = E56897E7681C98D6B080DE9C /* Pods_SimpleMusic.framework */; };
/* End PBXBuildFile section */

/* Begin PBXFileReference section */
		0E74669721B7D100005CA89E /* SimpleMusic.app */ = {isa = PBXFileReference; explicitFileType = wrapper.application; includeInIndex = 0; path = SimpleMusic.app; sourceTree = BUILT_PRODUCTS_DIR; };
		0E74669A21B7D101005CA89E /* AppDelegate.swift */ = {isa = PBXFileReference; lastKnownFileType = sourcecode.swift; path = AppDelegate.swift; sourceTree = "<group>"; };
		0E7466A121B7D101005CA89E /* Assets.xcassets */ = {isa = PBXFileReference; lastKnownFileType = folder.assetcatalog; path = Assets.xcassets; sourceTree = "<group>"; };
		0E7466A421B7D101005CA89E /* Base */ = {isa = PBXFileReference; lastKnownFileType = file.storyboard; name = Base; path = Base.lproj/LaunchScreen.storyboard; sourceTree = "<group>"; };
		0E7466A621B7D101005CA89E /* Info.plist */ = {isa = PBXFileReference; lastKnownFileType = text.plist.xml; path = Info.plist; sourceTree = "<group>"; };
		0E7466AC21B7D7AD005CA89E /* MusicListViewController.swift */ = {isa = PBXFileReference; lastKnownFileType = sourcecode.swift; path = MusicListViewController.swift; sourceTree = "<group>"; };
		0E7466AE21B7D919005CA89E /* MusicList.storyboard */ = {isa = PBXFileReference; lastKnownFileType = file.storyboard; path = MusicList.storyboard; sourceTree = "<group>"; };
		0E7466B021B7DF53005CA89E /* MusicListCollectionViewCell.swift */ = {isa = PBXFileReference; lastKnownFileType = sourcecode.swift; path = MusicListCollectionViewCell.swift; sourceTree = "<group>"; };
		0E756A4E21B8DC9C00337D5A /* Album.swift */ = {isa = PBXFileReference; lastKnownFileType = sourcecode.swift; path = Album.swift; sourceTree = "<group>"; };
		0E756A5021B923BE00337D5A /* [BB]guitarRiff.wav */ = {isa = PBXFileReference; lastKnownFileType = audio.wav; path = "[BB]guitarRiff.wav"; sourceTree = "<group>"; };
		0E756A5221B92F5E00337D5A /* AlbumCover.png */ = {isa = PBXFileReference; lastKnownFileType = image.png; path = AlbumCover.png; sourceTree = "<group>"; };
		0E756A5421B9337900337D5A /* play (1).png */ = {isa = PBXFileReference; lastKnownFileType = image.png; path = "play (1).png"; sourceTree = "<group>"; };
		2F6BA2ADF228783B597F0625 /* Pods-SimpleMusic.release.xcconfig */ = {isa = PBXFileReference; includeInIndex = 1; lastKnownFileType = text.xcconfig; name = "Pods-SimpleMusic.release.xcconfig"; path = "Pods/Target Support Files/Pods-SimpleMusic/Pods-SimpleMusic.release.xcconfig"; sourceTree = "<group>"; };
		3D237AAEA8F80CE6EFE36C9C /* Pods-SimpleMusic.debug.xcconfig */ = {isa = PBXFileReference; includeInIndex = 1; lastKnownFileType = text.xcconfig; name = "Pods-SimpleMusic.debug.xcconfig"; path = "Pods/Target Support Files/Pods-SimpleMusic/Pods-SimpleMusic.debug.xcconfig"; sourceTree = "<group>"; };
		E56897E7681C98D6B080DE9C /* Pods_SimpleMusic.framework */ = {isa = PBXFileReference; explicitFileType = wrapper.framework; includeInIndex = 0; path = Pods_SimpleMusic.framework; sourceTree = BUILT_PRODUCTS_DIR; };
/* End PBXFileReference section */

/* Begin PBXFrameworksBuildPhase section */
		0E74669421B7D100005CA89E /* Frameworks */ = {
			isa = PBXFrameworksBuildPhase;
			buildActionMask = 2147483647;
			files = (
				FC5079D69B7B110AA08DC0BC /* Pods_SimpleMusic.framework in Frameworks */,
			);
			runOnlyForDeploymentPostprocessing = 0;
		};
/* End PBXFrameworksBuildPhase section */

/* Begin PBXGroup section */
		0E74668E21B7D100005CA89E = {
			isa = PBXGroup;
			children = (
				0E74669921B7D100005CA89E /* SimpleMusic */,
				0E74669821B7D100005CA89E /* Products */,
				509A3BE8403BD6732729374F /* Pods */,
				6022323F0F99C4147E5B6FFA /* Frameworks */,
			);
			sourceTree = "<group>";
		};
		0E74669821B7D100005CA89E /* Products */ = {
			isa = PBXGroup;
			children = (
				0E74669721B7D100005CA89E /* SimpleMusic.app */,
			);
			name = Products;
			sourceTree = "<group>";
		};
		0E74669921B7D100005CA89E /* SimpleMusic */ = {
			isa = PBXGroup;
			children = (
				0E7466AC21B7D7AD005CA89E /* MusicListViewController.swift */,
				0E7466B021B7DF53005CA89E /* MusicListCollectionViewCell.swift */,
				0E74669A21B7D101005CA89E /* AppDelegate.swift */,
				0E7466AE21B7D919005CA89E /* MusicList.storyboard */,
				0E756A4E21B8DC9C00337D5A /* Album.swift */,
				0E756A5221B92F5E00337D5A /* AlbumCover.png */,
				0E756A5021B923BE00337D5A /* [BB]guitarRiff.wav */,
				0E7466A121B7D101005CA89E /* Assets.xcassets */,
				0E756A5421B9337900337D5A /* play (1).png */,
				0E7466A321B7D101005CA89E /* LaunchScreen.storyboard */,
				0E7466A621B7D101005CA89E /* Info.plist */,
			);
			path = SimpleMusic;
			sourceTree = "<group>";
		};
		509A3BE8403BD6732729374F /* Pods */ = {
			isa = PBXGroup;
			children = (
				3D237AAEA8F80CE6EFE36C9C /* Pods-SimpleMusic.debug.xcconfig */,
				2F6BA2ADF228783B597F0625 /* Pods-SimpleMusic.release.xcconfig */,
			);
			name = Pods;
			sourceTree = "<group>";
		};
		6022323F0F99C4147E5B6FFA /* Frameworks */ = {
			isa = PBXGroup;
			children = (
				E56897E7681C98D6B080DE9C /* Pods_SimpleMusic.framework */,
			);
			name = Frameworks;
			sourceTree = "<group>";
		};
/* End PBXGroup section */

/* Begin PBXNativeTarget section */
		0E74669621B7D100005CA89E /* SimpleMusic */ = {
			isa = PBXNativeTarget;
			buildConfigurationList = 0E7466A921B7D101005CA89E /* Build configuration list for PBXNativeTarget "SimpleMusic" */;
			buildPhases = (
				DBB942F1A721BBB4C7682253 /* [CP] Check Pods Manifest.lock */,
				0E74669321B7D100005CA89E /* Sources */,
				0E74669421B7D100005CA89E /* Frameworks */,
				0E74669521B7D100005CA89E /* Resources */,
				5A7F1D200F396A005088E5FA /* [CP] Embed Pods Frameworks */,
			);
			buildRules = (
			);
			dependencies = (
			);
			name = SimpleMusic;
			productName = SimpleMusic;
			productReference = 0E74669721B7D100005CA89E /* SimpleMusic.app */;
			productType = "com.apple.product-type.application";
		};
/* End PBXNativeTarget section */

/* Begin PBXProject section */
		0E74668F21B7D100005CA89E /* Project object */ = {
			isa = PBXProject;
			attributes = {
				LastSwiftUpdateCheck = 1000;
				LastUpgradeCheck = 1000;
				ORGANIZATIONNAME = BlackBricks;
				TargetAttributes = {
					0E74669621B7D100005CA89E = {
						CreatedOnToolsVersion = 10.0;
					};
				};
			};
			buildConfigurationList = 0E74669221B7D100005CA89E /* Build configuration list for PBXProject "SimpleMusic" */;
			compatibilityVersion = "Xcode 9.3";
			developmentRegion = en;
			hasScannedForEncodings = 0;
			knownRegions = (
				en,
				Base,
			);
			mainGroup = 0E74668E21B7D100005CA89E;
			productRefGroup = 0E74669821B7D100005CA89E /* Products */;
			projectDirPath = "";
			projectRoot = "";
			targets = (
				0E74669621B7D100005CA89E /* SimpleMusic */,
			);
		};
/* End PBXProject section */

/* Begin PBXResourcesBuildPhase section */
		0E74669521B7D100005CA89E /* Resources */ = {
			isa = PBXResourcesBuildPhase;
			buildActionMask = 2147483647;
			files = (
				0E756A5321B92F5E00337D5A /* AlbumCover.png in Resources */,
				0E7466AF21B7D919005CA89E /* MusicList.storyboard in Resources */,
				0E756A5121B923BE00337D5A /* [BB]guitarRiff.wav in Resources */,
				0E7466A521B7D101005CA89E /* LaunchScreen.storyboard in Resources */,
				0E7466A221B7D101005CA89E /* Assets.xcassets in Resources */,
				0E756A5521B9337A00337D5A /* play (1).png in Resources */,
			);
			runOnlyForDeploymentPostprocessing = 0;
		};
/* End PBXResourcesBuildPhase section */

/* Begin PBXShellScriptBuildPhase section */
		5A7F1D200F396A005088E5FA /* [CP] Embed Pods Frameworks */ = {
			isa = PBXShellScriptBuildPhase;
			buildActionMask = 2147483647;
			files = (
			);
			inputFileListPaths = (
			);
			inputPaths = (
				"${SRCROOT}/Pods/Target Support Files/Pods-SimpleMusic/Pods-SimpleMusic-frameworks.sh",
				"${BUILT_PRODUCTS_DIR}/Alamofire/Alamofire.framework",
				"${BUILT_PRODUCTS_DIR}/BEMCheckBox/BEMCheckBox.framework",
				"${BUILT_PRODUCTS_DIR}/CodableAlamofire/CodableAlamofire.framework",
				"${BUILT_PRODUCTS_DIR}/HMSegmentedControl/HMSegmentedControl.framework",
			);
			name = "[CP] Embed Pods Frameworks";
			outputFileListPaths = (
			);
			outputPaths = (
				"${TARGET_BUILD_DIR}/${FRAMEWORKS_FOLDER_PATH}/Alamofire.framework",
				"${TARGET_BUILD_DIR}/${FRAMEWORKS_FOLDER_PATH}/BEMCheckBox.framework",
				"${TARGET_BUILD_DIR}/${FRAMEWORKS_FOLDER_PATH}/CodableAlamofire.framework",
				"${TARGET_BUILD_DIR}/${FRAMEWORKS_FOLDER_PATH}/HMSegmentedControl.framework",
			);
			runOnlyForDeploymentPostprocessing = 0;
			shellPath = /bin/sh;
			shellScript = "\"${SRCROOT}/Pods/Target Support Files/Pods-SimpleMusic/Pods-SimpleMusic-frameworks.sh\"\n";
			showEnvVarsInLog = 0;
		};
		DBB942F1A721BBB4C7682253 /* [CP] Check Pods Manifest.lock */ = {
			isa = PBXShellScriptBuildPhase;
			buildActionMask = 2147483647;
			files = (
			);
			inputFileListPaths = (
			);
			inputPaths = (
				"${PODS_PODFILE_DIR_PATH}/Podfile.lock",
				"${PODS_ROOT}/Manifest.lock",
			);
			name = "[CP] Check Pods Manifest.lock";
			outputFileListPaths = (
			);
			outputPaths = (
				"$(DERIVED_FILE_DIR)/Pods-SimpleMusic-checkManifestLockResult.txt",
			);
			runOnlyForDeploymentPostprocessing = 0;
			shellPath = /bin/sh;
			shellScript = "diff \"${PODS_PODFILE_DIR_PATH}/Podfile.lock\" \"${PODS_ROOT}/Manifest.lock\" > /dev/null\nif [ $? != 0 ] ; then\n    # print error to STDERR\n    echo \"error: The sandbox is not in sync with the Podfile.lock. Run 'pod install' or update your CocoaPods installation.\" >&2\n    exit 1\nfi\n# This output is used by Xcode 'outputs' to avoid re-running this script phase.\necho \"SUCCESS\" > \"${SCRIPT_OUTPUT_FILE_0}\"\n";
			showEnvVarsInLog = 0;
		};
/* End PBXShellScriptBuildPhase section */

/* Begin PBXSourcesBuildPhase section */
		0E74669321B7D100005CA89E /* Sources */ = {
			isa = PBXSourcesBuildPhase;
			buildActionMask = 2147483647;
			files = (
				0E7466B121B7DF53005CA89E /* MusicListCollectionViewCell.swift in Sources */,
				0E74669B21B7D101005CA89E /* AppDelegate.swift in Sources */,
				0E7466AD21B7D7AD005CA89E /* MusicListViewController.swift in Sources */,
				0E756A4F21B8DC9C00337D5A /* Album.swift in Sources */,
			);
			runOnlyForDeploymentPostprocessing = 0;
		};
/* End PBXSourcesBuildPhase section */

/* Begin PBXVariantGroup section */
		0E7466A321B7D101005CA89E /* LaunchScreen.storyboard */ = {
			isa = PBXVariantGroup;
			children = (
				0E7466A421B7D101005CA89E /* Base */,
			);
			name = LaunchScreen.storyboard;
			sourceTree = "<group>";
		};
/* End PBXVariantGroup section */

/* Begin XCBuildConfiguration section */
		0E7466A721B7D101005CA89E /* Debug */ = {
			isa = XCBuildConfiguration;
			buildSettings = {
				ALWAYS_SEARCH_USER_PATHS = NO;
				CLANG_ANALYZER_NONNULL = YES;
				CLANG_ANALYZER_NUMBER_OBJECT_CONVERSION = YES_AGGRESSIVE;
				CLANG_CXX_LANGUAGE_STANDARD = "gnu++14";
				CLANG_CXX_LIBRARY = "libc++";
				CLANG_ENABLE_MODULES = YES;
				CLANG_ENABLE_OBJC_ARC = YES;
				CLANG_ENABLE_OBJC_WEAK = YES;
				CLANG_WARN_BLOCK_CAPTURE_AUTORELEASING = YES;
				CLANG_WARN_BOOL_CONVERSION = YES;
				CLANG_WARN_COMMA = YES;
				CLANG_WARN_CONSTANT_CONVERSION = YES;
				CLANG_WARN_DEPRECATED_OBJC_IMPLEMENTATIONS = YES;
				CLANG_WARN_DIRECT_OBJC_ISA_USAGE = YES_ERROR;
				CLANG_WARN_DOCUMENTATION_COMMENTS = YES;
				CLANG_WARN_EMPTY_BODY = YES;
				CLANG_WARN_ENUM_CONVERSION = YES;
				CLANG_WARN_INFINITE_RECURSION = YES;
				CLANG_WARN_INT_CONVERSION = YES;
				CLANG_WARN_NON_LITERAL_NULL_CONVERSION = YES;
				CLANG_WARN_OBJC_IMPLICIT_RETAIN_SELF = YES;
				CLANG_WARN_OBJC_LITERAL_CONVERSION = YES;
				CLANG_WARN_OBJC_ROOT_CLASS = YES_ERROR;
				CLANG_WARN_RANGE_LOOP_ANALYSIS = YES;
				CLANG_WARN_STRICT_PROTOTYPES = YES;
				CLANG_WARN_SUSPICIOUS_MOVE = YES;
				CLANG_WARN_UNGUARDED_AVAILABILITY = YES_AGGRESSIVE;
				CLANG_WARN_UNREACHABLE_CODE = YES;
				CLANG_WARN__DUPLICATE_METHOD_MATCH = YES;
				CODE_SIGN_IDENTITY = "iPhone Developer";
				COPY_PHASE_STRIP = NO;
				DEBUG_INFORMATION_FORMAT = dwarf;
				ENABLE_STRICT_OBJC_MSGSEND = YES;
				ENABLE_TESTABILITY = YES;
				GCC_C_LANGUAGE_STANDARD = gnu11;
				GCC_DYNAMIC_NO_PIC = NO;
				GCC_NO_COMMON_BLOCKS = YES;
				GCC_OPTIMIZATION_LEVEL = 0;
				GCC_PREPROCESSOR_DEFINITIONS = (
					"DEBUG=1",
					"$(inherited)",
				);
				GCC_WARN_64_TO_32_BIT_CONVERSION = YES;
				GCC_WARN_ABOUT_RETURN_TYPE = YES_ERROR;
				GCC_WARN_UNDECLARED_SELECTOR = YES;
				GCC_WARN_UNINITIALIZED_AUTOS = YES_AGGRESSIVE;
				GCC_WARN_UNUSED_FUNCTION = YES;
				GCC_WARN_UNUSED_VARIABLE = YES;
				IPHONEOS_DEPLOYMENT_TARGET = 12.0;
				MTL_ENABLE_DEBUG_INFO = INCLUDE_SOURCE;
				MTL_FAST_MATH = YES;
				ONLY_ACTIVE_ARCH = YES;
				SDKROOT = iphoneos;
				SWIFT_ACTIVE_COMPILATION_CONDITIONS = DEBUG;
				SWIFT_OPTIMIZATION_LEVEL = "-Onone";
			};
			name = Debug;
		};
		0E7466A821B7D101005CA89E /* Release */ = {
			isa = XCBuildConfiguration;
			buildSettings = {
				ALWAYS_SEARCH_USER_PATHS = NO;
				CLANG_ANALYZER_NONNULL = YES;
				CLANG_ANALYZER_NUMBER_OBJECT_CONVERSION = YES_AGGRESSIVE;
				CLANG_CXX_LANGUAGE_STANDARD = "gnu++14";
				CLANG_CXX_LIBRARY = "libc++";
				CLANG_ENABLE_MODULES = YES;
				CLANG_ENABLE_OBJC_ARC = YES;
				CLANG_ENABLE_OBJC_WEAK = YES;
				CLANG_WARN_BLOCK_CAPTURE_AUTORELEASING = YES;
				CLANG_WARN_BOOL_CONVERSION = YES;
				CLANG_WARN_COMMA = YES;
				CLANG_WARN_CONSTANT_CONVERSION = YES;
				CLANG_WARN_DEPRECATED_OBJC_IMPLEMENTATIONS = YES;
				CLANG_WARN_DIRECT_OBJC_ISA_USAGE = YES_ERROR;
				CLANG_WARN_DOCUMENTATION_COMMENTS = YES;
				CLANG_WARN_EMPTY_BODY = YES;
				CLANG_WARN_ENUM_CONVERSION = YES;
				CLANG_WARN_INFINITE_RECURSION = YES;
				CLANG_WARN_INT_CONVERSION = YES;
				CLANG_WARN_NON_LITERAL_NULL_CONVERSION = YES;
				CLANG_WARN_OBJC_IMPLICIT_RETAIN_SELF = YES;
				CLANG_WARN_OBJC_LITERAL_CONVERSION = YES;
				CLANG_WARN_OBJC_ROOT_CLASS = YES_ERROR;
				CLANG_WARN_RANGE_LOOP_ANALYSIS = YES;
				CLANG_WARN_STRICT_PROTOTYPES = YES;
				CLANG_WARN_SUSPICIOUS_MOVE = YES;
				CLANG_WARN_UNGUARDED_AVAILABILITY = YES_AGGRESSIVE;
				CLANG_WARN_UNREACHABLE_CODE = YES;
				CLANG_WARN__DUPLICATE_METHOD_MATCH = YES;
				CODE_SIGN_IDENTITY = "iPhone Developer";
				COPY_PHASE_STRIP = NO;
				DEBUG_INFORMATION_FORMAT = "dwarf-with-dsym";
				ENABLE_NS_ASSERTIONS = NO;
				ENABLE_STRICT_OBJC_MSGSEND = YES;
				GCC_C_LANGUAGE_STANDARD = gnu11;
				GCC_NO_COMMON_BLOCKS = YES;
				GCC_WARN_64_TO_32_BIT_CONVERSION = YES;
				GCC_WARN_ABOUT_RETURN_TYPE = YES_ERROR;
				GCC_WARN_UNDECLARED_SELECTOR = YES;
				GCC_WARN_UNINITIALIZED_AUTOS = YES_AGGRESSIVE;
				GCC_WARN_UNUSED_FUNCTION = YES;
				GCC_WARN_UNUSED_VARIABLE = YES;
				IPHONEOS_DEPLOYMENT_TARGET = 12.0;
				MTL_ENABLE_DEBUG_INFO = NO;
				MTL_FAST_MATH = YES;
				SDKROOT = iphoneos;
				SWIFT_COMPILATION_MODE = wholemodule;
				SWIFT_OPTIMIZATION_LEVEL = "-O";
				VALIDATE_PRODUCT = YES;
			};
			name = Release;
		};
		0E7466AA21B7D101005CA89E /* Debug */ = {
			isa = XCBuildConfiguration;
			baseConfigurationReference = 3D237AAEA8F80CE6EFE36C9C /* Pods-SimpleMusic.debug.xcconfig */;
			buildSettings = {
				ASSETCATALOG_COMPILER_APPICON_NAME = AppIcon;
				CODE_SIGN_STYLE = Automatic;
				DEVELOPMENT_TEAM = L59JFSX5QN;
				INFOPLIST_FILE = SimpleMusic/Info.plist;
				IPHONEOS_DEPLOYMENT_TARGET = 10.2;
				LD_RUNPATH_SEARCH_PATHS = (
					"$(inherited)",
					"@executable_path/Frameworks",
				);
				PRODUCT_BUNDLE_IDENTIFIER = BlackBricks.SimpleMusic;
				PRODUCT_NAME = "$(TARGET_NAME)";
				SWIFT_VERSION = 4.2;
				TARGETED_DEVICE_FAMILY = "1,2";
			};
			name = Debug;
		};
		0E7466AB21B7D101005CA89E /* Release */ = {
			isa = XCBuildConfiguration;
			baseConfigurationReference = 2F6BA2ADF228783B597F0625 /* Pods-SimpleMusic.release.xcconfig */;
			buildSettings = {
				ASSETCATALOG_COMPILER_APPICON_NAME = AppIcon;
				CODE_SIGN_STYLE = Automatic;
				DEVELOPMENT_TEAM = L59JFSX5QN;
				INFOPLIST_FILE = SimpleMusic/Info.plist;
				IPHONEOS_DEPLOYMENT_TARGET = 10.2;
				LD_RUNPATH_SEARCH_PATHS = (
					"$(inherited)",
					"@executable_path/Frameworks",
				);
				PRODUCT_BUNDLE_IDENTIFIER = BlackBricks.SimpleMusic;
				PRODUCT_NAME = "$(TARGET_NAME)";
				SWIFT_VERSION = 4.2;
				TARGETED_DEVICE_FAMILY = "1,2";
			};
			name = Release;
		};
/* End XCBuildConfiguration section */

/* Begin XCConfigurationList section */
		0E74669221B7D100005CA89E /* Build configuration list for PBXProject "SimpleMusic" */ = {
			isa = XCConfigurationList;
			buildConfigurations = (
				0E7466A721B7D101005CA89E /* Debug */,
				0E7466A821B7D101005CA89E /* Release */,
			);
			defaultConfigurationIsVisible = 0;
			defaultConfigurationName = Release;
		};
		0E7466A921B7D101005CA89E /* Build configuration list for PBXNativeTarget "SimpleMusic" */ = {
			isa = XCConfigurationList;
			buildConfigurations = (
				0E7466AA21B7D101005CA89E /* Debug */,
				0E7466AB21B7D101005CA89E /* Release */,
			);
			defaultConfigurationIsVisible = 0;
			defaultConfigurationName = Release;
		};
/* End XCConfigurationList section */
	};
	rootObject = 0E74668F21B7D100005CA89E /* Project object */;
}
